
Microsoft Visual Studio Solution File, Format Version 12.00
# Visual Studio Version 17
VisualStudioVersion = 17.1.32228.430
MinimumVisualStudioVersion = 10.0.40219.1
Project("{FAE04EC0-301F-11D3-BF4B-00C04F79EFBC}") = "FemDesign.Core", "FemDesign.Core\FemDesign.Core.csproj", "{1D91EBF4-A473-4C5B-A171-AB2DA1B7017B}"
EndProject
Project("{FAE04EC0-301F-11D3-BF4B-00C04F79EFBC}") = "FemDesign.Grasshopper", "FemDesign.Grasshopper\FemDesign.Grasshopper.csproj", "{04F35658-7446-4513-AA4D-17B4782D3D00}"
EndProject
Project("{2150E333-8FDC-42A3-9474-1A3956D46DE8}") = "FemDesign.Examples", "FemDesign.Examples", "{C68FA42C-7B20-4FE3-AED6-8B6619EE5410}"
EndProject
Project("{FAE04EC0-301F-11D3-BF4B-00C04F79EFBC}") = "Practical example - Mesh size convergence study", "FemDesign.Examples\C#\Practical example - Mesh size convergence study\Practical example - Mesh size convergence study.csproj", "{1E5D535D-C21B-454B-A62E-1DF4D968E677}"
EndProject
Project("{FAE04EC0-301F-11D3-BF4B-00C04F79EFBC}") = "Example 1 - Creating a simple beam", "FemDesign.Examples\C#\Example 1 - Creating a simple beam\Example 1 - Creating a simple beam.csproj", "{FCD2AD4D-00AD-43AC-AD3A-FBF5819554BB}"
EndProject
Project("{FAE04EC0-301F-11D3-BF4B-00C04F79EFBC}") = "Example 2 - Analysing a model", "FemDesign.Examples\C#\Example 2 - Analysing a model\Example 2 - Analysing a model.csproj", "{FB78433D-BF2A-4133-B1ED-D08EA546F4AC}"
EndProject
Project("{FAE04EC0-301F-11D3-BF4B-00C04F79EFBC}") = "Example 4 - Edit existing model", "FemDesign.Examples\C#\Example 4 - Edit existing model\Example 4 - Edit existing model.csproj", "{5A25D4AF-71F2-4597-9C18-5E496F2E1BC4}"
EndProject
Project("{FAE04EC0-301F-11D3-BF4B-00C04F79EFBC}") = "Practical example - Change length of beam", "FemDesign.Examples\C#\Practical example - Change length of beam\Practical example - Change length of beam.csproj", "{79832ABA-4CAB-4106-8321-5B6EE2A32558}"
EndProject
Project("{FAE04EC0-301F-11D3-BF4B-00C04F79EFBC}") = "Practical example - Load groups", "FemDesign.Examples\C#\Practical example - Load groups\Practical example - Load groups.csproj", "{3C028AB2-5847-4300-B8A1-C1212A5F767E}"
EndProject
Project("{FAE04EC0-301F-11D3-BF4B-00C04F79EFBC}") = "Practical example - Load groups combining", "FemDesign.Examples\C#\Practical example - Load groups combining\Practical example - Load groups combining.csproj", "{6A2CB706-D4BE-4AE8-A165-EC9F9F0D336E}"
EndProject
Project("{FAE04EC0-301F-11D3-BF4B-00C04F79EFBC}") = "Practical example - Create post-tensioned cables", "FemDesign.Examples\C#\Practical example - Create post-tensioned cables\Practical example - Create post-tensioned cables.csproj", "{64CBB551-DE49-4C17-9141-59F22FEFDC0D}"
EndProject
Project("{FAE04EC0-301F-11D3-BF4B-00C04F79EFBC}") = "Practical example - Parametric study - Reactions", "FemDesign.Examples\C#\Practical example - Parametric study - Reactions\Practical example - Parametric study - Reactions.csproj", "{69F49774-655C-4D04-A0CF-9DBC53609749}"
EndProject
Project("{FAE04EC0-301F-11D3-BF4B-00C04F79EFBC}") = "Practical example - Parametric study - Sensitivity analysis", "FemDesign.Examples\C#\Practical example - Parametric study - Sensitivity analysis\Practical example - Parametric study - Sensitivity analysis.csproj", "{7EA66312-63D3-4125-8A65-7FA414152F33}"
EndProject
Project("{9A19103F-16F7-4668-BE54-9A1E7A4F7556}") = "FemDesign.UtilsDevelopment", "FemDesign.Utils\FemDesign.UtilsDevelopment.csproj", "{81B4BC3B-8FC7-46FA-8C79-DFAA1C16FE21}"
EndProject
Project("{FAE04EC0-301F-11D3-BF4B-00C04F79EFBC}") = "Example10 - ConstructionStages", "FemDesign.Examples\C#\Example10 - ConstructionStages\Example10 - ConstructionStages.csproj", "{8954D8AD-051F-4B44-87A4-559C00DB1CD6}"
EndProject
Project("{FAE04EC0-301F-11D3-BF4B-00C04F79EFBC}") = "Example 3 - Analyse a beam", "FemDesign.Examples\C#\Example 3 - Analyse a beam\Example 3 - Analyse a beam.csproj", "{A261E23F-DF9D-4ED5-8DC6-0DB6ECB06B9F}"
EndProject
Project("{FAE04EC0-301F-11D3-BF4B-00C04F79EFBC}") = "Example 5 - Design a beam", "FemDesign.Examples\C#\Example 5 - Design a beam\Example 5 - Design a beam.csproj", "{04FA45B2-F2AF-4394-99F8-E50A82E91658}"
EndProject
Project("{FAE04EC0-301F-11D3-BF4B-00C04F79EFBC}") = "FemDesign.Tests", "FemDesign.Tests\FemDesign.Tests.csproj", "{CCADA385-E5FB-4F08-BC50-1826BBEF9794}"
EndProject
Project("{FAE04EC0-301F-11D3-BF4B-00C04F79EFBC}") = "Practical example - Windows forms", "FemDesign.Examples\C#\Practical example - Windows forms\Practical example - Windows forms.csproj", "{1428F873-E8E8-4A23-974F-2633FDA060C4}"
EndProject
Project("{FAE04EC0-301F-11D3-BF4B-00C04F79EFBC}") = "Example 7 - Creating a wall", "FemDesign.Examples\C#\Example 7 - Creating a wall\Example 7 - Creating a wall.csproj", "{3646ABCA-0703-425A-BB27-4D838DB92FE8}"
EndProject
Project("{FAE04EC0-301F-11D3-BF4B-00C04F79EFBC}") = "Practical example - ResultsToJSON", "FemDesign.Examples\C#\Practical example - ResultsToJSON\Practical example - ResultsToJSON.csproj", "{2747D6C1-1E22-4262-A938-44FEE99A022C}"
EndProject
Project("{FAE04EC0-301F-11D3-BF4B-00C04F79EFBC}") = "FemDesign.Dynamo", "FemDesign.Dynamo\FemDesign.Dynamo.csproj", "{419CA97B-DCA5-40EF-A640-7691622E3BE5}"
EndProject
Global
	GlobalSection(SolutionConfigurationPlatforms) = preSolution
		Debug|Any CPU = Debug|Any CPU
		Release|Any CPU = Release|Any CPU
	EndGlobalSection
	GlobalSection(ProjectConfigurationPlatforms) = postSolution
		{1D91EBF4-A473-4C5B-A171-AB2DA1B7017B}.Debug|Any CPU.ActiveCfg = Debug|Any CPU
		{1D91EBF4-A473-4C5B-A171-AB2DA1B7017B}.Debug|Any CPU.Build.0 = Debug|Any CPU
		{1D91EBF4-A473-4C5B-A171-AB2DA1B7017B}.Release|Any CPU.ActiveCfg = Release|Any CPU
		{1D91EBF4-A473-4C5B-A171-AB2DA1B7017B}.Release|Any CPU.Build.0 = Release|Any CPU
		{04F35658-7446-4513-AA4D-17B4782D3D00}.Debug|Any CPU.ActiveCfg = Debug|Any CPU
		{04F35658-7446-4513-AA4D-17B4782D3D00}.Debug|Any CPU.Build.0 = Debug|Any CPU
		{04F35658-7446-4513-AA4D-17B4782D3D00}.Release|Any CPU.ActiveCfg = Release|Any CPU
		{04F35658-7446-4513-AA4D-17B4782D3D00}.Release|Any CPU.Build.0 = Release|Any CPU
		{1E5D535D-C21B-454B-A62E-1DF4D968E677}.Debug|Any CPU.ActiveCfg = Debug|Any CPU
		{1E5D535D-C21B-454B-A62E-1DF4D968E677}.Debug|Any CPU.Build.0 = Debug|Any CPU
		{1E5D535D-C21B-454B-A62E-1DF4D968E677}.Release|Any CPU.ActiveCfg = Release|Any CPU
		{1E5D535D-C21B-454B-A62E-1DF4D968E677}.Release|Any CPU.Build.0 = Release|Any CPU
		{FCD2AD4D-00AD-43AC-AD3A-FBF5819554BB}.Debug|Any CPU.ActiveCfg = Debug|Any CPU
		{FCD2AD4D-00AD-43AC-AD3A-FBF5819554BB}.Debug|Any CPU.Build.0 = Debug|Any CPU
		{FCD2AD4D-00AD-43AC-AD3A-FBF5819554BB}.Release|Any CPU.ActiveCfg = Release|Any CPU
		{FCD2AD4D-00AD-43AC-AD3A-FBF5819554BB}.Release|Any CPU.Build.0 = Release|Any CPU
		{FB78433D-BF2A-4133-B1ED-D08EA546F4AC}.Debug|Any CPU.ActiveCfg = Debug|Any CPU
		{FB78433D-BF2A-4133-B1ED-D08EA546F4AC}.Debug|Any CPU.Build.0 = Debug|Any CPU
		{FB78433D-BF2A-4133-B1ED-D08EA546F4AC}.Release|Any CPU.ActiveCfg = Release|Any CPU
		{FB78433D-BF2A-4133-B1ED-D08EA546F4AC}.Release|Any CPU.Build.0 = Release|Any CPU
		{5A25D4AF-71F2-4597-9C18-5E496F2E1BC4}.Debug|Any CPU.ActiveCfg = Debug|Any CPU
		{5A25D4AF-71F2-4597-9C18-5E496F2E1BC4}.Debug|Any CPU.Build.0 = Debug|Any CPU
		{5A25D4AF-71F2-4597-9C18-5E496F2E1BC4}.Release|Any CPU.ActiveCfg = Release|Any CPU
		{5A25D4AF-71F2-4597-9C18-5E496F2E1BC4}.Release|Any CPU.Build.0 = Release|Any CPU
		{79832ABA-4CAB-4106-8321-5B6EE2A32558}.Debug|Any CPU.ActiveCfg = Debug|Any CPU
		{79832ABA-4CAB-4106-8321-5B6EE2A32558}.Debug|Any CPU.Build.0 = Debug|Any CPU
		{79832ABA-4CAB-4106-8321-5B6EE2A32558}.Release|Any CPU.ActiveCfg = Release|Any CPU
		{79832ABA-4CAB-4106-8321-5B6EE2A32558}.Release|Any CPU.Build.0 = Release|Any CPU
		{3C028AB2-5847-4300-B8A1-C1212A5F767E}.Debug|Any CPU.ActiveCfg = Debug|Any CPU
		{3C028AB2-5847-4300-B8A1-C1212A5F767E}.Debug|Any CPU.Build.0 = Debug|Any CPU
		{3C028AB2-5847-4300-B8A1-C1212A5F767E}.Release|Any CPU.ActiveCfg = Release|Any CPU
		{3C028AB2-5847-4300-B8A1-C1212A5F767E}.Release|Any CPU.Build.0 = Release|Any CPU
		{6A2CB706-D4BE-4AE8-A165-EC9F9F0D336E}.Debug|Any CPU.ActiveCfg = Debug|Any CPU
		{6A2CB706-D4BE-4AE8-A165-EC9F9F0D336E}.Debug|Any CPU.Build.0 = Debug|Any CPU
		{6A2CB706-D4BE-4AE8-A165-EC9F9F0D336E}.Release|Any CPU.ActiveCfg = Release|Any CPU
		{6A2CB706-D4BE-4AE8-A165-EC9F9F0D336E}.Release|Any CPU.Build.0 = Release|Any CPU
		{64CBB551-DE49-4C17-9141-59F22FEFDC0D}.Debug|Any CPU.ActiveCfg = Debug|Any CPU
		{64CBB551-DE49-4C17-9141-59F22FEFDC0D}.Debug|Any CPU.Build.0 = Debug|Any CPU
		{64CBB551-DE49-4C17-9141-59F22FEFDC0D}.Release|Any CPU.ActiveCfg = Release|Any CPU
		{64CBB551-DE49-4C17-9141-59F22FEFDC0D}.Release|Any CPU.Build.0 = Release|Any CPU
		{69F49774-655C-4D04-A0CF-9DBC53609749}.Debug|Any CPU.ActiveCfg = Debug|Any CPU
		{69F49774-655C-4D04-A0CF-9DBC53609749}.Debug|Any CPU.Build.0 = Debug|Any CPU
		{69F49774-655C-4D04-A0CF-9DBC53609749}.Release|Any CPU.ActiveCfg = Release|Any CPU
		{69F49774-655C-4D04-A0CF-9DBC53609749}.Release|Any CPU.Build.0 = Release|Any CPU
		{7EA66312-63D3-4125-8A65-7FA414152F33}.Debug|Any CPU.ActiveCfg = Debug|Any CPU
		{7EA66312-63D3-4125-8A65-7FA414152F33}.Debug|Any CPU.Build.0 = Debug|Any CPU
		{7EA66312-63D3-4125-8A65-7FA414152F33}.Release|Any CPU.ActiveCfg = Release|Any CPU
		{7EA66312-63D3-4125-8A65-7FA414152F33}.Release|Any CPU.Build.0 = Release|Any CPU
		{81B4BC3B-8FC7-46FA-8C79-DFAA1C16FE21}.Debug|Any CPU.ActiveCfg = Debug|Any CPU
		{81B4BC3B-8FC7-46FA-8C79-DFAA1C16FE21}.Debug|Any CPU.Build.0 = Debug|Any CPU
		{81B4BC3B-8FC7-46FA-8C79-DFAA1C16FE21}.Release|Any CPU.ActiveCfg = Release|Any CPU
		{81B4BC3B-8FC7-46FA-8C79-DFAA1C16FE21}.Release|Any CPU.Build.0 = Release|Any CPU
		{8954D8AD-051F-4B44-87A4-559C00DB1CD6}.Debug|Any CPU.ActiveCfg = Debug|Any CPU
		{8954D8AD-051F-4B44-87A4-559C00DB1CD6}.Debug|Any CPU.Build.0 = Debug|Any CPU
		{8954D8AD-051F-4B44-87A4-559C00DB1CD6}.Release|Any CPU.ActiveCfg = Release|Any CPU
		{8954D8AD-051F-4B44-87A4-559C00DB1CD6}.Release|Any CPU.Build.0 = Release|Any CPU
		{A261E23F-DF9D-4ED5-8DC6-0DB6ECB06B9F}.Debug|Any CPU.ActiveCfg = Debug|Any CPU
		{A261E23F-DF9D-4ED5-8DC6-0DB6ECB06B9F}.Debug|Any CPU.Build.0 = Debug|Any CPU
		{A261E23F-DF9D-4ED5-8DC6-0DB6ECB06B9F}.Release|Any CPU.ActiveCfg = Release|Any CPU
		{A261E23F-DF9D-4ED5-8DC6-0DB6ECB06B9F}.Release|Any CPU.Build.0 = Release|Any CPU
		{04FA45B2-F2AF-4394-99F8-E50A82E91658}.Debug|Any CPU.ActiveCfg = Debug|Any CPU
		{04FA45B2-F2AF-4394-99F8-E50A82E91658}.Debug|Any CPU.Build.0 = Debug|Any CPU
		{04FA45B2-F2AF-4394-99F8-E50A82E91658}.Release|Any CPU.ActiveCfg = Release|Any CPU
		{04FA45B2-F2AF-4394-99F8-E50A82E91658}.Release|Any CPU.Build.0 = Release|Any CPU
		{CCADA385-E5FB-4F08-BC50-1826BBEF9794}.Debug|Any CPU.ActiveCfg = Debug|Any CPU
		{CCADA385-E5FB-4F08-BC50-1826BBEF9794}.Debug|Any CPU.Build.0 = Debug|Any CPU
		{CCADA385-E5FB-4F08-BC50-1826BBEF9794}.Release|Any CPU.ActiveCfg = Release|Any CPU
		{CCADA385-E5FB-4F08-BC50-1826BBEF9794}.Release|Any CPU.Build.0 = Release|Any CPU
		{1428F873-E8E8-4A23-974F-2633FDA060C4}.Debug|Any CPU.ActiveCfg = Debug|Any CPU
		{1428F873-E8E8-4A23-974F-2633FDA060C4}.Debug|Any CPU.Build.0 = Debug|Any CPU
		{1428F873-E8E8-4A23-974F-2633FDA060C4}.Release|Any CPU.ActiveCfg = Release|Any CPU
		{1428F873-E8E8-4A23-974F-2633FDA060C4}.Release|Any CPU.Build.0 = Release|Any CPU
		{3646ABCA-0703-425A-BB27-4D838DB92FE8}.Debug|Any CPU.ActiveCfg = Debug|Any CPU
		{3646ABCA-0703-425A-BB27-4D838DB92FE8}.Debug|Any CPU.Build.0 = Debug|Any CPU
		{3646ABCA-0703-425A-BB27-4D838DB92FE8}.Release|Any CPU.ActiveCfg = Release|Any CPU
		{3646ABCA-0703-425A-BB27-4D838DB92FE8}.Release|Any CPU.Build.0 = Release|Any CPU
		{2747D6C1-1E22-4262-A938-44FEE99A022C}.Debug|Any CPU.ActiveCfg = Debug|Any CPU
		{2747D6C1-1E22-4262-A938-44FEE99A022C}.Debug|Any CPU.Build.0 = Debug|Any CPU
		{2747D6C1-1E22-4262-A938-44FEE99A022C}.Release|Any CPU.ActiveCfg = Release|Any CPU
		{2747D6C1-1E22-4262-A938-44FEE99A022C}.Release|Any CPU.Build.0 = Release|Any CPU
		{419CA97B-DCA5-40EF-A640-7691622E3BE5}.Debug|Any CPU.ActiveCfg = Debug|Any CPU
		{419CA97B-DCA5-40EF-A640-7691622E3BE5}.Debug|Any CPU.Build.0 = Debug|Any CPU
		{419CA97B-DCA5-40EF-A640-7691622E3BE5}.Release|Any CPU.ActiveCfg = Release|Any CPU
		{419CA97B-DCA5-40EF-A640-7691622E3BE5}.Release|Any CPU.Build.0 = Release|Any CPU
	EndGlobalSection
	GlobalSection(SolutionProperties) = preSolution
		HideSolutionNode = FALSE
	EndGlobalSection
	GlobalSection(NestedProjects) = preSolution
		{1E5D535D-C21B-454B-A62E-1DF4D968E677} = {C68FA42C-7B20-4FE3-AED6-8B6619EE5410}
		{FCD2AD4D-00AD-43AC-AD3A-FBF5819554BB} = {C68FA42C-7B20-4FE3-AED6-8B6619EE5410}
		{FB78433D-BF2A-4133-B1ED-D08EA546F4AC} = {C68FA42C-7B20-4FE3-AED6-8B6619EE5410}
		{5A25D4AF-71F2-4597-9C18-5E496F2E1BC4} = {C68FA42C-7B20-4FE3-AED6-8B6619EE5410}
		{79832ABA-4CAB-4106-8321-5B6EE2A32558} = {C68FA42C-7B20-4FE3-AED6-8B6619EE5410}
		{3C028AB2-5847-4300-B8A1-C1212A5F767E} = {C68FA42C-7B20-4FE3-AED6-8B6619EE5410}
		{6A2CB706-D4BE-4AE8-A165-EC9F9F0D336E} = {C68FA42C-7B20-4FE3-AED6-8B6619EE5410}
		{64CBB551-DE49-4C17-9141-59F22FEFDC0D} = {C68FA42C-7B20-4FE3-AED6-8B6619EE5410}
		{69F49774-655C-4D04-A0CF-9DBC53609749} = {C68FA42C-7B20-4FE3-AED6-8B6619EE5410}
		{7EA66312-63D3-4125-8A65-7FA414152F33} = {C68FA42C-7B20-4FE3-AED6-8B6619EE5410}
		{8954D8AD-051F-4B44-87A4-559C00DB1CD6} = {C68FA42C-7B20-4FE3-AED6-8B6619EE5410}
		{A261E23F-DF9D-4ED5-8DC6-0DB6ECB06B9F} = {C68FA42C-7B20-4FE3-AED6-8B6619EE5410}
		{04FA45B2-F2AF-4394-99F8-E50A82E91658} = {C68FA42C-7B20-4FE3-AED6-8B6619EE5410}
		{1428F873-E8E8-4A23-974F-2633FDA060C4} = {C68FA42C-7B20-4FE3-AED6-8B6619EE5410}
		{3646ABCA-0703-425A-BB27-4D838DB92FE8} = {C68FA42C-7B20-4FE3-AED6-8B6619EE5410}
		{2747D6C1-1E22-4262-A938-44FEE99A022C} = {C68FA42C-7B20-4FE3-AED6-8B6619EE5410}
	EndGlobalSection
	GlobalSection(ExtensibilityGlobals) = postSolution
		SolutionGuid = {DDF9D949-F79B-4EA6-A766-976B0BE0BC79}
	EndGlobalSection
EndGlobal
