
Microsoft Visual Studio Solution File, Format Version 12.00
# Visual Studio Version 17
VisualStudioVersion = 17.0.32126.317
MinimumVisualStudioVersion = 10.0.40219.1
Project("{FAE04EC0-301F-11D3-BF4B-00C04F79EFBC}") = "FemDesign.Core", "FemDesign.Core\FemDesign.Core.csproj", "{1D91EBF4-A473-4C5B-A171-AB2DA1B7017B}"
EndProject
Project("{FAE04EC0-301F-11D3-BF4B-00C04F79EFBC}") = "FemDesign.Grasshopper", "FemDesign.Grasshopper\FemDesign.Grasshopper.csproj", "{04F35658-7446-4513-AA4D-17B4782D3D00}"
EndProject
Project("{FAE04EC0-301F-11D3-BF4B-00C04F79EFBC}") = "FemDesign.Dynamo", "FemDesign.Dynamo\FemDesign.Dynamo.csproj", "{419CA97B-DCA5-40EF-A640-7691622E3BE5}"
EndProject
Project("{FAE04EC0-301F-11D3-BF4B-00C04F79EFBC}") = "FemDesign.Tests", "FemDesign.Tests\FemDesign.Tests.csproj", "{CCADA385-E5FB-4F08-BC50-1826BBEF9794}"
EndProject
Project("{FAE04EC0-301F-11D3-BF4B-00C04F79EFBC}") = "FemDesign.Samples", "FemDesign.Samples\C#\FemDesign.Samples.csproj", "{127A57E7-22E5-4EC5-933B-EFFA9FA0715E}"
EndProject
Project("{2150E333-8FDC-42A3-9474-1A3956D46DE8}") = "FemDesign.Examples", "FemDesign.Examples", "{C68FA42C-7B20-4FE3-AED6-8B6619EE5410}"
EndProject
Project("{FAE04EC0-301F-11D3-BF4B-00C04F79EFBC}") = "MeshSizeConvergenceStudy", "FemDesign.Examples\C#\Practical example - Mesh size convergence study\MeshSizeConvergenceStudy.csproj", "{1E5D535D-C21B-454B-A62E-1DF4D968E677}"
EndProject
Project("{FAE04EC0-301F-11D3-BF4B-00C04F79EFBC}") = "CreatingASimpleBeam", "FemDesign.Examples\C#\Example 1 - Creating a simple beam\CreatingASimpleBeam.csproj", "{FCD2AD4D-00AD-43AC-AD3A-FBF5819554BB}"
EndProject
Global
	GlobalSection(SolutionConfigurationPlatforms) = preSolution
		Debug|Any CPU = Debug|Any CPU
		Release|Any CPU = Release|Any CPU
	EndGlobalSection
	GlobalSection(ProjectConfigurationPlatforms) = postSolution
		{1D91EBF4-A473-4C5B-A171-AB2DA1B7017B}.Debug|Any CPU.ActiveCfg = Debug|Any CPU
		{1D91EBF4-A473-4C5B-A171-AB2DA1B7017B}.Debug|Any CPU.Build.0 = Debug|Any CPU
		{1D91EBF4-A473-4C5B-A171-AB2DA1B7017B}.Release|Any CPU.ActiveCfg = Release|Any CPU
		{1D91EBF4-A473-4C5B-A171-AB2DA1B7017B}.Release|Any CPU.Build.0 = Release|Any CPU
		{04F35658-7446-4513-AA4D-17B4782D3D00}.Debug|Any CPU.ActiveCfg = Debug|Any CPU
		{04F35658-7446-4513-AA4D-17B4782D3D00}.Debug|Any CPU.Build.0 = Debug|Any CPU
		{04F35658-7446-4513-AA4D-17B4782D3D00}.Release|Any CPU.ActiveCfg = Release|Any CPU
		{04F35658-7446-4513-AA4D-17B4782D3D00}.Release|Any CPU.Build.0 = Release|Any CPU
		{419CA97B-DCA5-40EF-A640-7691622E3BE5}.Debug|Any CPU.ActiveCfg = Debug|Any CPU
		{419CA97B-DCA5-40EF-A640-7691622E3BE5}.Debug|Any CPU.Build.0 = Debug|Any CPU
		{419CA97B-DCA5-40EF-A640-7691622E3BE5}.Release|Any CPU.ActiveCfg = Release|Any CPU
		{419CA97B-DCA5-40EF-A640-7691622E3BE5}.Release|Any CPU.Build.0 = Release|Any CPU
		{CCADA385-E5FB-4F08-BC50-1826BBEF9794}.Debug|Any CPU.ActiveCfg = Debug|Any CPU
		{CCADA385-E5FB-4F08-BC50-1826BBEF9794}.Debug|Any CPU.Build.0 = Debug|Any CPU
		{CCADA385-E5FB-4F08-BC50-1826BBEF9794}.Release|Any CPU.ActiveCfg = Release|Any CPU
		{CCADA385-E5FB-4F08-BC50-1826BBEF9794}.Release|Any CPU.Build.0 = Release|Any CPU
		{127A57E7-22E5-4EC5-933B-EFFA9FA0715E}.Debug|Any CPU.ActiveCfg = Debug|Any CPU
		{127A57E7-22E5-4EC5-933B-EFFA9FA0715E}.Debug|Any CPU.Build.0 = Debug|Any CPU
		{127A57E7-22E5-4EC5-933B-EFFA9FA0715E}.Release|Any CPU.ActiveCfg = Release|Any CPU
		{127A57E7-22E5-4EC5-933B-EFFA9FA0715E}.Release|Any CPU.Build.0 = Release|Any CPU
		{1E5D535D-C21B-454B-A62E-1DF4D968E677}.Debug|Any CPU.ActiveCfg = Debug|Any CPU
		{1E5D535D-C21B-454B-A62E-1DF4D968E677}.Debug|Any CPU.Build.0 = Debug|Any CPU
		{1E5D535D-C21B-454B-A62E-1DF4D968E677}.Release|Any CPU.ActiveCfg = Release|Any CPU
		{1E5D535D-C21B-454B-A62E-1DF4D968E677}.Release|Any CPU.Build.0 = Release|Any CPU
		{FCD2AD4D-00AD-43AC-AD3A-FBF5819554BB}.Debug|Any CPU.ActiveCfg = Debug|Any CPU
		{FCD2AD4D-00AD-43AC-AD3A-FBF5819554BB}.Debug|Any CPU.Build.0 = Debug|Any CPU
		{FCD2AD4D-00AD-43AC-AD3A-FBF5819554BB}.Release|Any CPU.ActiveCfg = Release|Any CPU
		{FCD2AD4D-00AD-43AC-AD3A-FBF5819554BB}.Release|Any CPU.Build.0 = Release|Any CPU
	EndGlobalSection
	GlobalSection(SolutionProperties) = preSolution
		HideSolutionNode = FALSE
	EndGlobalSection
	GlobalSection(NestedProjects) = preSolution
		{1E5D535D-C21B-454B-A62E-1DF4D968E677} = {C68FA42C-7B20-4FE3-AED6-8B6619EE5410}
		{FCD2AD4D-00AD-43AC-AD3A-FBF5819554BB} = {C68FA42C-7B20-4FE3-AED6-8B6619EE5410}
	EndGlobalSection
	GlobalSection(ExtensibilityGlobals) = postSolution
		SolutionGuid = {DDF9D949-F79B-4EA6-A766-976B0BE0BC79}
	EndGlobalSection
EndGlobal
