
Microsoft Visual Studio Solution File, Format Version 12.00
# Visual Studio Version 16
VisualStudioVersion = 16.0.31129.286
MinimumVisualStudioVersion = 10.0.40219.1
Project("{FAE04EC0-301F-11D3-BF4B-00C04F79EFBC}") = "grasshopper", "grasshopper.csproj", "{04F35658-7446-4513-AA4D-17B4782D3D00}"
EndProject
Global
	GlobalSection(SolutionConfigurationPlatforms) = preSolution
		Debug|Any CPU = Debug|Any CPU
		Release|Any CPU = Release|Any CPU
	EndGlobalSection
	GlobalSection(ProjectConfigurationPlatforms) = postSolution
		{04F35658-7446-4513-AA4D-17B4782D3D00}.Debug|Any CPU.ActiveCfg = Debug|Any CPU
		{04F35658-7446-4513-AA4D-17B4782D3D00}.Debug|Any CPU.Build.0 = Debug|Any CPU
		{04F35658-7446-4513-AA4D-17B4782D3D00}.Release|Any CPU.ActiveCfg = Release|Any CPU
		{04F35658-7446-4513-AA4D-17B4782D3D00}.Release|Any CPU.Build.0 = Release|Any CPU
	EndGlobalSection
	GlobalSection(SolutionProperties) = preSolution
		HideSolutionNode = FALSE
	EndGlobalSection
	GlobalSection(ExtensibilityGlobals) = postSolution
		SolutionGuid = {EF324610-BE7B-4807-82A6-2109DB42CAA9}
	EndGlobalSection
EndGlobal
